
Microsoft Visual Studio Solution File, Format Version 12.00
# Visual Studio 2013
VisualStudioVersion = 12.0.31101.0
MinimumVisualStudioVersion = 10.0.40219.1
Project("{FAE04EC0-301F-11D3-BF4B-00C04F79EFBC}") = "FairyZeta.Core", "FairyZeta.Core\FairyZeta.Core.csproj", "{22D040DB-58A3-4E1D-9BCF-130D9504B9AB}"
EndProject
Project("{FAE04EC0-301F-11D3-BF4B-00C04F79EFBC}") = "FairyZeta.FF14.ACT.Timeline", "FairyZeta.FF14.ACT.Timeline\FairyZeta.FF14.ACT.Timeline.csproj", "{4340E968-E568-4F6F-B4CB-2274F53E7020}"
EndProject
Project("{FAE04EC0-301F-11D3-BF4B-00C04F79EFBC}") = "FairyZeta.FF14.ACT.Timeline.Core", "FairyZeta.FF14.ACT.Timeline.Core\FairyZeta.FF14.ACT.Timeline.Core.csproj", "{3874EF4C-D3D7-48DE-BF5D-5D19D0E7B8A0}"
EndProject
Project("{2150E333-8FDC-42A3-9474-1A3956D46DE8}") = ".nuget", ".nuget", "{D0F396DA-344E-4B81-9D15-C6D4887ABDFB}"
	ProjectSection(SolutionItems) = preProject
		.nuget\packages.config = .nuget\packages.config
	EndProjectSection
EndProject
Project("{FAE04EC0-301F-11D3-BF4B-00C04F79EFBC}") = "FairyZeta.FF14", "FairyZeta.FF14\FairyZeta.FF14.csproj", "{2E2375D6-4F1A-404D-9AC0-A48555E91803}"
EndProject
Project("{FAE04EC0-301F-11D3-BF4B-00C04F79EFBC}") = "FairyZeta.FF14.ACT", "FairyZeta.FF14.ACT\FairyZeta.FF14.ACT.csproj", "{D5BD94D9-1765-4713-A3ED-8249E0D7586F}"
EndProject
Project("{2150E333-8FDC-42A3-9474-1A3956D46DE8}") = "FairyZeta.Common", "FairyZeta.Common", "{4FC74085-DCEB-40C4-809B-22A4D01B6DA0}"
EndProject
Project("{2150E333-8FDC-42A3-9474-1A3956D46DE8}") = "FairyZeta.FF14", "FairyZeta.FF14", "{0810D64D-05C3-413E-953F-855E17112703}"
EndProject
Project("{FAE04EC0-301F-11D3-BF4B-00C04F79EFBC}") = "FairyZeta.Framework", "FairyZeta.Framework\FairyZeta.Framework.csproj", "{99F2ED28-B5FD-4C8F-855A-18FFC34A447B}"
EndProject
Project("{FAE04EC0-301F-11D3-BF4B-00C04F79EFBC}") = "FairyZeta.Framework.Test", "FairyZeta.Framework.Test\FairyZeta.Framework.Test.csproj", "{2C88A6FE-E1DC-4E54-B529-2244029277A7}"
EndProject
Project("{FAE04EC0-301F-11D3-BF4B-00C04F79EFBC}") = "FairyZeta.FF14.ACT.Timeline.FormsTest", "FairyZeta.FF14.ACT.FormsTest\FairyZeta.FF14.ACT.Timeline.FormsTest.csproj", "{FF550962-B2F9-49B8-A152-D6CE0BCCB2E8}"
EndProject
Project("{2150E333-8FDC-42A3-9474-1A3956D46DE8}") = "TEST", "TEST", "{F9CE72DC-2006-4FFA-B97F-E7A1746485EE}"
EndProject
Global
	GlobalSection(SolutionConfigurationPlatforms) = preSolution
		Debug|Any CPU = Debug|Any CPU
		Debug|x86 = Debug|x86
		Release|Any CPU = Release|Any CPU
		Release|x86 = Release|x86
	EndGlobalSection
	GlobalSection(ProjectConfigurationPlatforms) = postSolution
		{22D040DB-58A3-4E1D-9BCF-130D9504B9AB}.Debug|Any CPU.ActiveCfg = Debug|Any CPU
		{22D040DB-58A3-4E1D-9BCF-130D9504B9AB}.Debug|Any CPU.Build.0 = Debug|Any CPU
		{22D040DB-58A3-4E1D-9BCF-130D9504B9AB}.Debug|x86.ActiveCfg = Debug|Any CPU
		{22D040DB-58A3-4E1D-9BCF-130D9504B9AB}.Release|Any CPU.ActiveCfg = Release|Any CPU
		{22D040DB-58A3-4E1D-9BCF-130D9504B9AB}.Release|Any CPU.Build.0 = Release|Any CPU
		{22D040DB-58A3-4E1D-9BCF-130D9504B9AB}.Release|x86.ActiveCfg = Release|Any CPU
		{4340E968-E568-4F6F-B4CB-2274F53E7020}.Debug|Any CPU.ActiveCfg = Debug|Any CPU
		{4340E968-E568-4F6F-B4CB-2274F53E7020}.Debug|Any CPU.Build.0 = Debug|Any CPU
		{4340E968-E568-4F6F-B4CB-2274F53E7020}.Debug|x86.ActiveCfg = Debug|Any CPU
		{4340E968-E568-4F6F-B4CB-2274F53E7020}.Release|Any CPU.ActiveCfg = Release|Any CPU
		{4340E968-E568-4F6F-B4CB-2274F53E7020}.Release|Any CPU.Build.0 = Release|Any CPU
		{4340E968-E568-4F6F-B4CB-2274F53E7020}.Release|x86.ActiveCfg = Release|Any CPU
		{3874EF4C-D3D7-48DE-BF5D-5D19D0E7B8A0}.Debug|Any CPU.ActiveCfg = Debug|Any CPU
		{3874EF4C-D3D7-48DE-BF5D-5D19D0E7B8A0}.Debug|Any CPU.Build.0 = Debug|Any CPU
		{3874EF4C-D3D7-48DE-BF5D-5D19D0E7B8A0}.Debug|x86.ActiveCfg = Debug|x86
		{3874EF4C-D3D7-48DE-BF5D-5D19D0E7B8A0}.Debug|x86.Build.0 = Debug|x86
		{3874EF4C-D3D7-48DE-BF5D-5D19D0E7B8A0}.Release|Any CPU.ActiveCfg = Release|Any CPU
		{3874EF4C-D3D7-48DE-BF5D-5D19D0E7B8A0}.Release|Any CPU.Build.0 = Release|Any CPU
		{3874EF4C-D3D7-48DE-BF5D-5D19D0E7B8A0}.Release|x86.ActiveCfg = Release|x86
		{3874EF4C-D3D7-48DE-BF5D-5D19D0E7B8A0}.Release|x86.Build.0 = Release|x86
		{2E2375D6-4F1A-404D-9AC0-A48555E91803}.Debug|Any CPU.ActiveCfg = Debug|Any CPU
		{2E2375D6-4F1A-404D-9AC0-A48555E91803}.Debug|Any CPU.Build.0 = Debug|Any CPU
		{2E2375D6-4F1A-404D-9AC0-A48555E91803}.Debug|x86.ActiveCfg = Debug|Any CPU
		{2E2375D6-4F1A-404D-9AC0-A48555E91803}.Release|Any CPU.ActiveCfg = Release|Any CPU
		{2E2375D6-4F1A-404D-9AC0-A48555E91803}.Release|Any CPU.Build.0 = Release|Any CPU
		{2E2375D6-4F1A-404D-9AC0-A48555E91803}.Release|x86.ActiveCfg = Release|Any CPU
		{D5BD94D9-1765-4713-A3ED-8249E0D7586F}.Debug|Any CPU.ActiveCfg = Debug|Any CPU
		{D5BD94D9-1765-4713-A3ED-8249E0D7586F}.Debug|Any CPU.Build.0 = Debug|Any CPU
		{D5BD94D9-1765-4713-A3ED-8249E0D7586F}.Debug|x86.ActiveCfg = Debug|Any CPU
		{D5BD94D9-1765-4713-A3ED-8249E0D7586F}.Release|Any CPU.ActiveCfg = Release|Any CPU
		{D5BD94D9-1765-4713-A3ED-8249E0D7586F}.Release|Any CPU.Build.0 = Release|Any CPU
		{D5BD94D9-1765-4713-A3ED-8249E0D7586F}.Release|x86.ActiveCfg = Release|Any CPU
		{99F2ED28-B5FD-4C8F-855A-18FFC34A447B}.Debug|Any CPU.ActiveCfg = Debug|Any CPU
		{99F2ED28-B5FD-4C8F-855A-18FFC34A447B}.Debug|Any CPU.Build.0 = Debug|Any CPU
		{99F2ED28-B5FD-4C8F-855A-18FFC34A447B}.Debug|x86.ActiveCfg = Debug|Any CPU
		{99F2ED28-B5FD-4C8F-855A-18FFC34A447B}.Release|Any CPU.ActiveCfg = Release|Any CPU
		{99F2ED28-B5FD-4C8F-855A-18FFC34A447B}.Release|Any CPU.Build.0 = Release|Any CPU
		{99F2ED28-B5FD-4C8F-855A-18FFC34A447B}.Release|x86.ActiveCfg = Release|Any CPU
		{2C88A6FE-E1DC-4E54-B529-2244029277A7}.Debug|Any CPU.ActiveCfg = Debug|Any CPU
		{2C88A6FE-E1DC-4E54-B529-2244029277A7}.Debug|Any CPU.Build.0 = Debug|Any CPU
		{2C88A6FE-E1DC-4E54-B529-2244029277A7}.Debug|x86.ActiveCfg = Debug|Any CPU
		{2C88A6FE-E1DC-4E54-B529-2244029277A7}.Release|Any CPU.ActiveCfg = Release|Any CPU
		{2C88A6FE-E1DC-4E54-B529-2244029277A7}.Release|Any CPU.Build.0 = Release|Any CPU
		{2C88A6FE-E1DC-4E54-B529-2244029277A7}.Release|x86.ActiveCfg = Release|Any CPU
		{FF550962-B2F9-49B8-A152-D6CE0BCCB2E8}.Debug|Any CPU.ActiveCfg = Debug|Any CPU
		{FF550962-B2F9-49B8-A152-D6CE0BCCB2E8}.Debug|Any CPU.Build.0 = Debug|Any CPU
		{FF550962-B2F9-49B8-A152-D6CE0BCCB2E8}.Debug|x86.ActiveCfg = Debug|Any CPU
		{FF550962-B2F9-49B8-A152-D6CE0BCCB2E8}.Release|Any CPU.ActiveCfg = Release|Any CPU
		{FF550962-B2F9-49B8-A152-D6CE0BCCB2E8}.Release|Any CPU.Build.0 = Release|Any CPU
		{FF550962-B2F9-49B8-A152-D6CE0BCCB2E8}.Release|x86.ActiveCfg = Release|Any CPU
	EndGlobalSection
	GlobalSection(SolutionProperties) = preSolution
		HideSolutionNode = FALSE
	EndGlobalSection
	GlobalSection(NestedProjects) = preSolution
		{22D040DB-58A3-4E1D-9BCF-130D9504B9AB} = {4FC74085-DCEB-40C4-809B-22A4D01B6DA0}
		{4340E968-E568-4F6F-B4CB-2274F53E7020} = {0810D64D-05C3-413E-953F-855E17112703}
		{3874EF4C-D3D7-48DE-BF5D-5D19D0E7B8A0} = {0810D64D-05C3-413E-953F-855E17112703}
		{2E2375D6-4F1A-404D-9AC0-A48555E91803} = {0810D64D-05C3-413E-953F-855E17112703}
		{D5BD94D9-1765-4713-A3ED-8249E0D7586F} = {0810D64D-05C3-413E-953F-855E17112703}
		{99F2ED28-B5FD-4C8F-855A-18FFC34A447B} = {4FC74085-DCEB-40C4-809B-22A4D01B6DA0}
		{2C88A6FE-E1DC-4E54-B529-2244029277A7} = {F9CE72DC-2006-4FFA-B97F-E7A1746485EE}
		{FF550962-B2F9-49B8-A152-D6CE0BCCB2E8} = {F9CE72DC-2006-4FFA-B97F-E7A1746485EE}
	EndGlobalSection
EndGlobal
